# Generated by conda-lock.
# platform: osx-arm64
# input_hash: 1cab90d31b3dda1092eaed6bc930b76c0512fa56c7642504ef6d634e819646e2
@EXPLICIT
https://conda.anaconda.org/conda-forge/noarch/_r-mutex-1.0.1-anacondar_1.tar.bz2#19f9db5f4f1b7f5ef5f6d67207f25f38
https://conda.anaconda.org/conda-forge/noarch/font-ttf-dejavu-sans-mono-2.37-hab24e00_0.tar.bz2#0c96522c6bdaed4b1566d11387caaf45
https://conda.anaconda.org/conda-forge/noarch/font-ttf-inconsolata-3.000-h77eed37_0.tar.bz2#34893075a5c9e55cdafac56607368fc6
https://conda.anaconda.org/conda-forge/noarch/font-ttf-source-code-pro-2.038-h77eed37_0.tar.bz2#4d59c254e01d9cde7957100457e2d5fb
https://conda.anaconda.org/conda-forge/noarch/font-ttf-ubuntu-0.83-h77eed37_3.conda#49023d73832ef61042f6a237cb2687e7
https://conda.anaconda.org/conda-forge/osx-arm64/hicolor-icon-theme-0.17-hce30654_2.tar.bz2#237b05b7eb284d7eebc3c5d93f5e4bca
https://conda.anaconda.org/conda-forge/osx-arm64/libev-4.33-h93a5062_2.conda#36d33e440c31857372a72137f78bacf5
https://conda.anaconda.org/conda-forge/noarch/libgfortran-devel_osx-arm64-13.2.0-h5d7a38c_3.conda#54386854330df39e779228c7922379a5
https://conda.anaconda.org/conda-forge/noarch/mscorefonts-0.0.1-3.tar.bz2#1e88c07eb93ef0b423c0acc694adcbef
https://conda.anaconda.org/conda-forge/osx-arm64/perl-5.32.1-7_h4614cfb_perl5.conda#ba3cbe93f99e896765422cc5f7c3a79e
https://conda.anaconda.org/conda-forge/noarch/python_abi-3.10-8_cp310.conda#05e00f3b21e88bb3d658ac700b2ce58c
https://conda.anaconda.org/conda-forge/noarch/sdkroot_env_osx-arm64-14.5-hfa17104_3.conda#3351af6c29661d56d7ef9ea9699d1314
https://conda.anaconda.org/conda-forge/noarch/tzdata-2025b-h78e105d_0.conda#4222072737ccff51314b5ece9c7d6f5a
https://conda.anaconda.org/conda-forge/osx-arm64/bzip2-1.0.8-hd037594_8.conda#58fd217444c2a5701a44244faf518206
https://conda.anaconda.org/conda-forge/osx-arm64/c-ares-1.34.6-hc919400_0.conda#bcb3cba70cf1eec964a03b4ba7775f01
https://conda.anaconda.org/conda-forge/noarch/ca-certificates-2025.11.12-hbd8a1cb_0.conda#f0991f0f84902f6b6009b4d2350a83aa
https://conda.anaconda.org/conda-forge/osx-arm64/epoxy-1.5.10-hc919400_2.conda#3b87dabebe54c6d66a07b97b53ac5874
https://conda.anaconda.org/conda-forge/noarch/fonts-conda-forge-1-hc364b38_1.conda#a7970cd949a077b7cb9696379d338681
https://conda.anaconda.org/conda-forge/osx-arm64/fribidi-1.0.16-hc919400_0.conda#04bdce8d93a4ed181d1d726163c2d447
https://conda.anaconda.org/conda-forge/osx-arm64/icu-75.1-hfee45f7_0.conda#5eb22c1d7b3fc4abb50d92d621583137
https://conda.anaconda.org/conda-forge/osx-arm64/isa-l-2.31.1-h5505292_1.conda#00c87ad2b46e1863f514b831674f1a43
https://conda.anaconda.org/conda-forge/osx-arm64/libbrotlicommon-1.2.0-hc919400_1.conda#006e7ddd8a110771134fcc4e1e3a6ffa
https://conda.anaconda.org/conda-forge/osx-arm64/libcxx-21.1.7-hf598326_0.conda#0de94f39727c31c0447e408c5a210a56
https://conda.anaconda.org/conda-forge/osx-arm64/libdeflate-1.22-hd74edd7_0.conda#2d3e3f3d8ab315748420ef58d5a3ae0f
https://conda.anaconda.org/conda-forge/osx-arm64/libexpat-2.7.3-haf25636_0.conda#b79875dbb5b1db9a4a22a4520f918e1a
https://conda.anaconda.org/conda-forge/osx-arm64/libffi-3.5.2-he5f378a_0.conda#411ff7cd5d1472bba0f55c0faf04453b
https://conda.anaconda.org/conda-forge/osx-arm64/libiconv-1.18-h23cfdf5_2.conda#4d5a7445f0b25b6a3ddbb56e790f5251
https://conda.anaconda.org/conda-forge/osx-arm64/libjpeg-turbo-3.1.2-hc919400_0.conda#f0695fbecf1006f27f4395d64bd0c4b8
https://conda.anaconda.org/conda-forge/osx-arm64/liblzma-5.8.1-h39f12f2_2.conda#d6df911d4564d77c4374b02552cb17d1
https://conda.anaconda.org/conda-forge/osx-arm64/libuv-1.51.0-h6caf38d_1.conda#c0d87c3c8e075daf1daf6c31b53e8083
https://conda.anaconda.org/conda-forge/osx-arm64/libwebp-base-1.6.0-h07db88b_0.conda#e5e7d467f80da752be17796b87fe6385
https://conda.anaconda.org/conda-forge/osx-arm64/libzlib-1.3.1-h8359307_2.conda#369964e85dc26bfe78f41399b366c435
https://conda.anaconda.org/conda-forge/osx-arm64/llvm-openmp-21.1.7-h4a912ad_0.conda#05d475f50ddcc2173a6beece9960c6cb
https://conda.anaconda.org/conda-forge/osx-arm64/make-4.4.1-hc9fafa5_2.conda#9f44ef1fea0a25d6a3491c58f3af8460
https://conda.anaconda.org/conda-forge/osx-arm64/ncurses-6.5-h5e97a16_3.conda#068d497125e4bf8a66bf707254fff5ae
https://conda.anaconda.org/conda-forge/osx-arm64/oniguruma-6.9.10-h5505292_0.conda#045afd0b8e35a71bfbe95345146592c4
https://conda.anaconda.org/conda-forge/osx-arm64/pthread-stubs-0.4-hd74edd7_1002.conda#415816daf82e0b23a736a069a75e9da7
https://conda.anaconda.org/conda-forge/osx-arm64/xorg-libxau-1.0.12-hc919400_1.conda#78b548eed8227a689f93775d5d23ae09
https://conda.anaconda.org/conda-forge/osx-arm64/xorg-libxdmcp-1.1.5-hc919400_1.conda#9d1299ace1924aa8f4e0bc8e71dd0cf7
https://conda.anaconda.org/conda-forge/osx-arm64/yaml-0.2.5-h925e9cb_3.conda#78a0fe9e9c50d2c381e8ee47e3ea437d
https://conda.anaconda.org/conda-forge/osx-arm64/_openmp_mutex-4.5-7_kmp_llvm.conda#a44032f282e7d2acdeb1c240308052dd
https://conda.anaconda.org/bioconda/osx-arm64/fastp-1.0.1-hee05c9d_0.tar.bz2#31ef81f15f07bbf96e95ef5561de6162
https://conda.anaconda.org/conda-forge/noarch/fonts-conda-ecosystem-1-0.tar.bz2#fee5683a3f04bd15cbd8318b096a27ab
https://conda.anaconda.org/conda-forge/osx-arm64/gmp-6.3.0-h7bae524_2.conda#eed7278dfbab727b56f2c0b64330814b
https://conda.anaconda.org/conda-forge/osx-arm64/graphite2-1.3.14-hec049ff_2.conda#0fc46fee39e88bbcf5835f71a9d9a209
https://conda.anaconda.org/conda-forge/osx-arm64/isl-0.25-h9a09cb3_0.tar.bz2#b0c90b63ffeb9e2d045be8f5bc64741c
https://conda.anaconda.org/conda-forge/osx-arm64/jq-1.8.1-hbc156a2_0.conda#ab406f399e1becf7b51b74510e332f3d
https://conda.anaconda.org/conda-forge/osx-arm64/lerc-4.0.0-hd64df32_1.conda#a74332d9b60b62905e3d30709df08bf1
https://conda.anaconda.org/conda-forge/osx-arm64/libasprintf-0.25.1-h493aca8_0.conda#0deb80a2d6097c5fb98b495370b2435b
https://conda.anaconda.org/conda-forge/osx-arm64/libbrotlidec-1.2.0-hc919400_1.conda#079e88933963f3f149054eec2c487bc2
https://conda.anaconda.org/conda-forge/osx-arm64/libbrotlienc-1.2.0-hc919400_1.conda#b2b7c8288ca1a2d71ff97a8e6a1e8883
https://conda.anaconda.org/conda-forge/osx-arm64/libcxx-devel-19.1.7-h6dc3340_1.conda#1399af81db60d441e7c6577307d5cf82
https://conda.anaconda.org/conda-forge/osx-arm64/libedit-3.1.20250104-pl5321hafb1f1b_0.conda#44083d2d2c2025afca315c7a172eab2b
https://conda.anaconda.org/conda-forge/osx-arm64/libintl-0.25.1-h493aca8_0.conda#5103f6a6b210a3912faf8d7db516918c
https://conda.anaconda.org/conda-forge/osx-arm64/libpng-1.6.53-hfab5511_0.conda#62b6111feeffe607c3ecc8ca5bd1514b
https://conda.anaconda.org/conda-forge/osx-arm64/libsqlite-3.51.1-h9a5124b_0.conda#67e50e5bd4e5e2310d66b88c4da50096
https://conda.anaconda.org/conda-forge/osx-arm64/libxcb-1.17.0-hdb1d25a_0.conda#af523aae2eca6dfa1c8eec693f5b9a79
https://conda.anaconda.org/conda-forge/osx-arm64/libxml2-2.13.9-h4a9ca0c_0.conda#763c7e76295bf142145d5821f251b884
https://conda.anaconda.org/conda-forge/osx-arm64/openssl-3.6.0-h5503f6c_0.conda#b34dc4172653c13dcf453862f251af2b
https://conda.anaconda.org/conda-forge/osx-arm64/pcre2-10.44-ha881caa_2.conda#1a3f7708de0b393e6665c9f7494b055e
https://conda.anaconda.org/conda-forge/osx-arm64/pixman-0.46.4-h81086ad_1.conda#17c3d745db6ea72ae2fce17e7338547f
https://conda.anaconda.org/conda-forge/osx-arm64/qhull-2020.2-h420ef59_5.conda#6483b1f59526e05d7d894e466b5b6924
https://conda.anaconda.org/conda-forge/osx-arm64/readline-8.2-h1d1bf99_2.conda#63ef3f6e6d6d5c589e64f11263dc5676
https://conda.anaconda.org/conda-forge/osx-arm64/tapi-1600.0.11.8-h997e182_0.conda#347261d575a245cb6111fb2cb5a79fc7
https://conda.anaconda.org/conda-forge/osx-arm64/tk-8.6.13-h892fb3f_3.conda#a73d54a5abba6543cb2f0af1bfbd6851
https://conda.anaconda.org/conda-forge/osx-arm64/zlib-1.3.1-h8359307_2.conda#e3170d898ca6cb48f1bb567afb92f775
https://conda.anaconda.org/conda-forge/osx-arm64/zstd-1.5.7-hbf9d68e_6.conda#ab136e4c34e97f34fb621d2592a393d8
https://conda.anaconda.org/conda-forge/osx-arm64/brotli-bin-1.2.0-hc919400_1.conda#377d015c103ad7f3371be1777f8b584c
https://conda.anaconda.org/conda-forge/osx-arm64/bwidget-1.10.1-hce30654_1.conda#c42706e35f3bb26537b065a5f9ae764d
https://conda.anaconda.org/conda-forge/osx-arm64/krb5-1.21.3-h237132a_0.conda#c6dc8a0fdec13a0565936655c33069a1
https://conda.anaconda.org/conda-forge/osx-arm64/libfreetype6-2.14.1-h6da58f4_0.conda#6d4ede03e2a8e20eb51f7f681d2a2550
https://conda.anaconda.org/conda-forge/osx-arm64/libgcc-15.2.0-hcbb3090_15.conda#9633bbd83cdc75ca0d325bf26fa32375
https://conda.anaconda.org/conda-forge/osx-arm64/libgettextpo-0.25.1-h493aca8_0.conda#98acd9989d0d8d5914ccc86dceb6c6c2
https://conda.anaconda.org/conda-forge/osx-arm64/libglib-2.84.0-hdff4504_0.conda#86bdf23c648be3498294c4ab861e7090
https://conda.anaconda.org/conda-forge/osx-arm64/libhwloc-2.12.1-default_h88f92a7_1000.conda#b32f2f83be560b0fb355a730e4057ec1
https://conda.anaconda.org/conda-forge/osx-arm64/libllvm19-19.1.7-hc4b4ae8_1.conda#020aeb16fc952ac441852d8eba2cf2fd
https://conda.anaconda.org/conda-forge/osx-arm64/libnghttp2-1.67.0-hc438710_0.conda#a4b4dd73c67df470d091312ab87bf6ae
https://conda.anaconda.org/conda-forge/osx-arm64/libssh2-1.11.1-h1590b86_0.conda#b68e8f66b94b44aaa8de4583d3d4cc40
https://conda.anaconda.org/conda-forge/osx-arm64/libtiff-4.7.0-ha962b0a_2.conda#8e14b5225c593f099a21971568e6d7b4
https://conda.anaconda.org/conda-forge/osx-arm64/libxslt-1.1.43-h429d6fd_0.conda#f25eb0a9e2c2ecfd33a4b97bb1a84fb6
https://conda.anaconda.org/conda-forge/osx-arm64/mpfr-4.2.1-hb693164_3.conda#4e4ea852d54cc2b869842de5044662fb
https://conda.anaconda.org/conda-forge/osx-arm64/python-3.10.19-hcd7f573_2_cpython.conda#feb559b139819a7326f992711cb50872
https://conda.anaconda.org/conda-forge/osx-arm64/sigtool-0.1.3-h44b9a77_0.tar.bz2#4a2cac04f86a4540b8c9b8d8f597848f
https://conda.anaconda.org/conda-forge/osx-arm64/tktable-2.10-h3c7de25_7.conda#7c2e2e25a80f1538b0dcee34026bec42
https://conda.anaconda.org/conda-forge/noarch/argcomplete-3.6.3-pyhd8ed1ab_0.conda#8f37c8fb7116a18da04e52fa9e2c8df9
https://conda.anaconda.org/conda-forge/osx-arm64/atk-1.0-2.38.0-hd03087b_2.conda#57301986d02d30d6805fdce6c99074ee
https://conda.anaconda.org/conda-forge/noarch/boltons-25.0.0-pyhd8ed1ab_0.conda#c7eb87af73750d6fd97eff8bbee8cb9c
https://conda.anaconda.org/conda-forge/osx-arm64/brotli-1.2.0-h7d5ae5b_1.conda#48ece20aa479be6ac9a284772827d00c
https://conda.anaconda.org/conda-forge/osx-arm64/brotli-python-1.2.0-py310h6123dab_1.conda#d9359ff9677b23fb89005e3b8dbe8139
https://conda.anaconda.org/conda-forge/noarch/certifi-2025.11.12-pyhd8ed1ab_0.conda#96a02a5c1a65470a7e4eedb644c872fd
https://conda.anaconda.org/conda-forge/noarch/charset-normalizer-3.4.4-pyhd8ed1ab_0.conda#a22d1fd9bf98827e280a02875d9a007a
https://conda.anaconda.org/conda-forge/osx-arm64/cheetah3-3.2.6.post2-py310h7bdd564_7.conda#6f235a82689f2921e92e3290b036812e
https://conda.anaconda.org/conda-forge/noarch/click-8.3.1-pyh8f84b5b_1.conda#ea8a6c3256897cc31263de9f455e25d9
https://conda.anaconda.org/conda-forge/noarch/cycler-0.12.1-pyhcf101f3_2.conda#4c2a8fef270f6c69591889b93f9f55c1
https://conda.anaconda.org/conda-forge/osx-arm64/cython-3.2.2-py310hf41fa49_0.conda#e4fe39278dd974fd978d020f25af2f6b
https://conda.anaconda.org/conda-forge/noarch/docutils-0.22.3-pyhd8ed1ab_0.conda#abbe8c85619c87c4f4f61b44173434af
https://conda.anaconda.org/conda-forge/noarch/filelock-3.20.0-pyhd8ed1ab_0.conda#66b8b26023b8efdf8fcb23bac4b6325d
https://conda.anaconda.org/conda-forge/noarch/future-1.0.0-pyhd8ed1ab_2.conda#1054c53c95d85e35b88143a3eda66373
https://conda.anaconda.org/conda-forge/osx-arm64/gdk-pixbuf-2.42.12-h7ddc832_0.conda#151309a7e1eb57a3c2ab8088a1d74f3e
https://conda.anaconda.org/conda-forge/osx-arm64/glib-tools-2.84.0-h1dc7a0c_0.conda#a4374a5bc561b673045db55e090cb6cb
https://conda.anaconda.org/conda-forge/osx-arm64/gts-0.7.6-he42f4ea_4.conda#21b4dd3098f63a74cf2aa9159cbef57d
https://conda.anaconda.org/conda-forge/noarch/humanfriendly-10.0-pyh707e725_8.conda#7fe569c10905402ed47024fc481bb371
https://conda.anaconda.org/conda-forge/noarch/idna-3.11-pyhd8ed1ab_0.conda#53abe63df7e10a6ba605dc5f9f961d36
https://conda.anaconda.org/conda-forge/noarch/isodate-0.7.2-pyhd8ed1ab_1.conda#14c42a6334f38c412449f5a5e4043a5a
https://conda.anaconda.org/conda-forge/osx-arm64/kiwisolver-1.4.9-py310h563d721_2.conda#1c29ffa84e75a6f8be4a8d8ddce17545
https://conda.anaconda.org/conda-forge/osx-arm64/lcms2-2.17-h7eeda09_0.conda#92a61fd30b19ebd5c1621a5bfe6d8b5f
https://conda.anaconda.org/conda-forge/osx-arm64/ld64_osx-arm64-956.6-llvm19_1_h6922315_1.conda#66697cc97d32afa29c17855b3d56680e
https://conda.anaconda.org/conda-forge/osx-arm64/libclang-cpp19.1-19.1.7-default_h73dfc95_5.conda#0b1110de04b80ea62e93fef6f8056fbb
https://conda.anaconda.org/conda-forge/osx-arm64/libcurl-8.17.0-hdece5d2_0.conda#791003efe92c17ed5949b309c61a5ab1
https://conda.anaconda.org/conda-forge/osx-arm64/libfreetype-2.14.1-hce30654_0.conda#f35fb38e89e2776994131fbf961fa44b
https://conda.anaconda.org/conda-forge/osx-arm64/libgfortran5-15.2.0-hdae7583_15.conda#75737d092770ee4695e13f6b181bdbd2
https://conda.anaconda.org/conda-forge/osx-arm64/llvm-tools-19-19.1.7-h87a4c7e_1.conda#ebaf5f56104cdb0481fda2a6069f85bf
https://conda.anaconda.org/conda-forge/osx-arm64/lxml-6.0.2-py310h0be8703_0.conda#e29f57271ea0b3d8394e7976b9a250d7
https://conda.anaconda.org/conda-forge/osx-arm64/markupsafe-3.0.3-py310hf4fd40f_0.conda#cd0fbf3b6ffdda2958e4b720f03429ba
https://conda.anaconda.org/conda-forge/noarch/mdurl-0.1.2-pyhd8ed1ab_1.conda#592132998493b3ff25fd7479396e8351
https://conda.anaconda.org/conda-forge/osx-arm64/mpc-1.3.1-h8f1351a_1.conda#a5635df796b71f6ca400fc7026f50701
https://conda.anaconda.org/conda-forge/osx-arm64/msgpack-python-1.1.2-py310h0e897d2_1.conda#03c0ac9f01348d35e889dab9b9bb01fb
https://conda.anaconda.org/conda-forge/noarch/munkres-1.1.4-pyhd8ed1ab_1.conda#37293a85a0f4f77bbd9cf7aaefc62609
https://conda.anaconda.org/conda-forge/noarch/mypy_extensions-1.1.0-pyha770c72_0.conda#e9c622e0d00fa24a6292279af3ab6d06
https://conda.anaconda.org/conda-forge/noarch/networkx-3.4.2-pyh267e887_2.conda#fd40bf7f7f4bc4b647dc8512053d9873
https://conda.anaconda.org/conda-forge/osx-arm64/nodejs-24.10.0-h64c5147_2.conda#f3573bab908a11e6ed14265832779de6
https://conda.anaconda.org/conda-forge/osx-arm64/openjpeg-2.5.3-h889cd5d_1.conda#ab581998c77c512d455a13befcddaac3
https://conda.anaconda.org/conda-forge/noarch/packaging-25.0-pyh29332c3_1.conda#58335b26c38bf4a20f399384c33cbcf9
https://conda.anaconda.org/conda-forge/noarch/pathspec-0.12.1-pyhd8ed1ab_1.conda#617f15191456cc6a13db418a275435e5
https://conda.anaconda.org/conda-forge/noarch/platformdirs-4.5.1-pyhcf101f3_0.conda#1bd2e65c8c7ef24f4639ae6e850dacc2
https://conda.anaconda.org/conda-forge/osx-arm64/psutil-7.1.3-py310hf151d32_0.conda#9dd46f395873365febd5494103488a32
https://conda.anaconda.org/conda-forge/noarch/pycparser-2.22-pyh29332c3_1.conda#12c566707c80111f9799308d9e265aef
https://conda.anaconda.org/conda-forge/noarch/pygments-2.19.2-pyhd8ed1ab_0.conda#6b6ece66ebcae2d5f326c77ef2c5a066
https://conda.anaconda.org/conda-forge/noarch/pyparsing-3.2.5-pyhcf101f3_0.conda#6c8979be6d7a17692793114fa26916e8
https://conda.anaconda.org/conda-forge/noarch/pysocks-1.7.1-pyha55dd90_7.conda#461219d1a5bd61342293efa2c0c90eac
https://conda.anaconda.org/conda-forge/noarch/python-tzdata-2025.2-pyhd8ed1ab_0.conda#88476ae6ebd24f39261e0854ac244f33
https://conda.anaconda.org/conda-forge/noarch/pytokens-0.3.0-pyhcf101f3_0.conda#4b1812cb7a8143ee00aef43831fb0d29
https://conda.anaconda.org/conda-forge/noarch/pytz-2025.2-pyhd8ed1ab_0.conda#bc8e3267d44011051f2eb14d22fb0960
https://conda.anaconda.org/conda-forge/osx-arm64/pyyaml-6.0.3-py310hf4fd40f_0.conda#b8fddc1b6922e2b981cd4c26fda019d1
https://conda.anaconda.org/conda-forge/noarch/repoze.lru-0.7-pyhd8ed1ab_2.conda#a8424044e69b5e11c5bc7922fbb1bcb0
https://conda.anaconda.org/conda-forge/osx-arm64/ruamel.yaml.clib-0.2.14-py310hfe3a0ae_0.conda#ec38803d0ced63a839637cedbcecc62a
https://conda.anaconda.org/conda-forge/noarch/setuptools-80.9.0-pyhff2d567_0.conda#4de79c071274a53dcaf2a8c749d1499e
https://conda.anaconda.org/conda-forge/noarch/shellescape-3.4.1-py_0.tar.bz2#a582eec0531c034d89c8f608a30f71b9
https://conda.anaconda.org/conda-forge/noarch/six-1.17.0-pyhe01879c_1.conda#3339e3b65d58accf4ca4fb8748ab16b3
https://conda.anaconda.org/conda-forge/noarch/sortedcontainers-2.4.0-pyhd8ed1ab_1.conda#0401a17ae845fa72c7210e206ec5647d
https://conda.anaconda.org/conda-forge/noarch/spython-0.3.14-pyhff2d567_1.conda#67af310ed2457f14df23cbd35af94894
https://conda.anaconda.org/conda-forge/osx-arm64/tbb-2022.3.0-h66ce52b_1.conda#6f026b94077bed22c27ad8365e024e18
https://conda.anaconda.org/conda-forge/noarch/toml-0.10.2-pyhcf101f3_3.conda#d0fc809fa4c4d85e959ce4ab6e1de800
https://conda.anaconda.org/conda-forge/noarch/tomli-2.3.0-pyhcf101f3_0.conda#d2732eb636c264dc9aa4cbee404b1a53
https://conda.anaconda.org/conda-forge/noarch/tomlkit-0.13.3-pyha770c72_0.conda#146402bf0f11cbeb8f781fa4309a95d3
https://conda.anaconda.org/conda-forge/osx-arm64/tornado-6.5.2-py310hfe3a0ae_2.conda#84bf0f6fc5731cc269fc9871a2dcb3f6
https://conda.anaconda.org/conda-forge/noarch/typing_extensions-4.15.0-pyhcf101f3_0.conda#0caa1af407ecff61170c9437a808404d
https://conda.anaconda.org/conda-forge/osx-arm64/unicodedata2-17.0.0-py310hfe3a0ae_1.conda#1654f5b058e4b5398f9f716cebd07ec3
https://conda.anaconda.org/conda-forge/noarch/webencodings-0.5.1-pyhd8ed1ab_3.conda#2841eb5bfc75ce15e9a0054b98dcd64d
https://conda.anaconda.org/conda-forge/noarch/wheel-0.45.1-pyhd8ed1ab_1.conda#75cb7132eb58d97896e173ef12ac9986
https://conda.anaconda.org/conda-forge/osx-arm64/whoosh-2.7.4-py310hbe9552e_10.conda#de38f5781b5fb77073fb0f635bc95a87
https://conda.anaconda.org/conda-forge/noarch/xmltodict-1.0.2-pyhcf101f3_0.conda#e91301ac8b2ad640df6165db24914332
https://conda.anaconda.org/conda-forge/noarch/zipp-3.23.0-pyhcf101f3_1.conda#30cd29cb87d819caead4d55184c1d115
https://conda.anaconda.org/conda-forge/noarch/zipstream-new-1.1.8-pyhd8ed1ab_0.tar.bz2#c9684165242c51d36acb49e0df4d9390
https://conda.anaconda.org/conda-forge/noarch/black-25.12.0-pyha5154f8_0.conda#94305d66e89c4a06423d6a5bbf274baa
https://conda.anaconda.org/conda-forge/noarch/bleach-6.3.0-pyhcf101f3_0.conda#b1a27250d70881943cca0dd6b4ba0956
https://conda.anaconda.org/bioconda/osx-arm64/bowtie-1.3.1-py310hff8626e_10.tar.bz2#bf37b733ecd245123c97ef6a969021a4
https://conda.anaconda.org/conda-forge/osx-arm64/cffi-2.0.0-py310hf5b66c1_1.conda#4e0516a8b6f96414d867af0228237a43
https://conda.anaconda.org/conda-forge/osx-arm64/clang-19-19.1.7-default_h73dfc95_5.conda#561b822bdb2c1bb41e16e59a090f1e36
https://conda.anaconda.org/conda-forge/noarch/coloredlogs-15.0.1-pyhd8ed1ab_4.conda#b866ff7007b934d564961066c8195983
https://conda.anaconda.org/conda-forge/osx-arm64/curl-8.17.0-hdece5d2_0.conda#54bcf3ed11f74c1a77fcc18357a1e74a
https://conda.anaconda.org/conda-forge/osx-arm64/fonttools-4.61.0-py310hf4fd40f_0.conda#073ca1d0565dba49f84b1769e39b54d9
https://conda.anaconda.org/conda-forge/osx-arm64/freetype-2.14.1-hce30654_0.conda#1ec9a1ee7a2c9339774ad9bb6fe6caec
https://conda.anaconda.org/conda-forge/osx-arm64/gfortran_impl_osx-arm64-13.2.0-h30f4408_1.conda#d881611ea70799ff9be7eb644d2f9e98
https://conda.anaconda.org/conda-forge/noarch/importlib_resources-6.5.2-pyhd8ed1ab_0.conda#c85c76dc67d75619a92f51dfbce06992
https://conda.anaconda.org/conda-forge/osx-arm64/ld64-956.6-llvm19_1_he86490a_1.conda#3a3ff7c8991ea2807eb13425733491c2
https://conda.anaconda.org/conda-forge/osx-arm64/libgfortran-15.2.0-h07b0088_15.conda#5c9f004d0b98ce792a022f1095d1b338
https://conda.anaconda.org/conda-forge/osx-arm64/llvm-tools-19.1.7-hd2aecb6_1.conda#b79a1a40211c67a3ae5dbd0cb36604d2
https://conda.anaconda.org/conda-forge/noarch/markdown-it-py-4.0.0-pyhd8ed1ab_0.conda#5b5203189eb668f042ac2b0826244964
https://conda.anaconda.org/conda-forge/noarch/mistune-3.1.4-pyhcf101f3_0.conda#f5a4d548d1d3bdd517260409fc21e205
https://conda.anaconda.org/conda-forge/osx-arm64/pillow-11.3.0-py310h5de80a5_3.conda#289f10aa08eeb9a44e62fdc5c9810a7a
https://conda.anaconda.org/conda-forge/noarch/pip-25.3-pyh8b19718_0.conda#c55515ca43c6444d2572e0f0d93cb6b9
https://conda.anaconda.org/bioconda/osx-arm64/pysam-0.23.3-py310h525a6a2_1.tar.bz2#081f4fa13f8d621d88322692de522cab
https://conda.anaconda.org/conda-forge/noarch/python-dateutil-2.9.0.post0-pyhe01879c_2.conda#5b8d21249ff20967101ffa321cab24e8
https://conda.anaconda.org/conda-forge/noarch/rdflib-7.4.0-pyhcf101f3_0.conda#2887550b2747438150525178619afd07
https://conda.anaconda.org/conda-forge/noarch/routes-2.5.1-pyhd8ed1ab_0.tar.bz2#2b39c7cb77e6f4aa34420a8cb2a39c02
https://conda.anaconda.org/conda-forge/osx-arm64/ruamel.yaml-0.18.16-py310hfe3a0ae_0.conda#ead944886fe75a00f6c2b0c7dbc243d5
https://conda.anaconda.org/conda-forge/noarch/typing-extensions-4.15.0-h396c80c_0.conda#edd329d7d3a4ab45dcf905899a7a6115
https://conda.anaconda.org/conda-forge/noarch/typing-inspection-0.4.2-pyhd8ed1ab_1.conda#a0a4a3035667fc34f29bfbd5c190baa6
https://conda.anaconda.org/conda-forge/noarch/urllib3-1.26.20-pyhd8ed1ab_0.conda#0511ede4b6dd034d77fa80c6d09794e1
https://conda.anaconda.org/conda-forge/noarch/yq-3.4.3-pyhe01879c_2.conda#18cefe7c50c1228da474ea0e95a8e646
https://conda.anaconda.org/conda-forge/noarch/annotated-types-0.7.0-pyhd8ed1ab_1.conda#2934f256a8acfe48f6ebb4fce6cde29c
https://conda.anaconda.org/conda-forge/osx-arm64/cctools_impl_osx-arm64-1030.6.3-llvm19_1_h8c76c84_1.conda#296de61644a3372f5cf13f266eb6ad88
https://conda.anaconda.org/conda-forge/osx-arm64/clang-19.1.7-default_hf9bcbb7_5.conda#6773a2b7d7d1b0a8d0e0f3bf4e928936
https://conda.anaconda.org/conda-forge/noarch/cwlformat-2022.02.18-pyhd8ed1ab_0.tar.bz2#f071cac5c531575e0b0dcaee3661fef7
https://conda.anaconda.org/conda-forge/osx-arm64/fontconfig-2.15.0-h1383a14_1.conda#7b29f48742cea5d1ccb5edd839cb5621
https://conda.anaconda.org/conda-forge/osx-arm64/libopenblas-0.3.30-openmp_ha158390_3.conda#a18a7f471c517062ee71b843ef95eb8a
https://conda.anaconda.org/conda-forge/osx-arm64/pydantic-core-2.41.5-py310hf3301a5_1.conda#d7f0d8fe1267b99d83c4218b1b00bcd2
https://conda.anaconda.org/conda-forge/noarch/requests-2.32.5-pyhd8ed1ab_0.conda#db0c6b99149880c8ba515cf4abe93ee4
https://conda.anaconda.org/conda-forge/noarch/rich-14.2.0-pyhcf101f3_0.conda#a247579d8a59931091b16a1e932bbed6
https://conda.anaconda.org/conda-forge/osx-arm64/zstandard-0.25.0-py310hf151d32_1.conda#82044ec889ec97e36401ef1fc40b05fc
https://conda.anaconda.org/conda-forge/noarch/cachecontrol-0.14.3-pyha770c72_0.conda#241ef6e3db47a143ac34c21bfba510f1
https://conda.anaconda.org/conda-forge/osx-arm64/cairo-1.18.4-h6a3b0d2_0.conda#38f6df8bc8c668417b904369a01ba2e2
https://conda.anaconda.org/conda-forge/osx-arm64/cctools-1030.6.3-llvm19_1_hd01ab73_1.conda#4df7fec2dac84a966f9de8addd561561
https://conda.anaconda.org/conda-forge/osx-arm64/cctools_osx-arm64-1030.6.3-llvm19_1_h6d92914_1.conda#e9d1109b5313ca4969210c3bedec6f0b
https://conda.anaconda.org/conda-forge/osx-arm64/clangxx-19.1.7-default_h36137df_5.conda#c11a3a5a0cdb74d8ce58c6eac8d1f662
https://conda.anaconda.org/conda-forge/noarch/compiler-rt_osx-arm64-19.1.7-he32a8d3_1.conda#8d99c82e0f5fed6cc36fcf66a11e03f0
https://conda.anaconda.org/conda-forge/noarch/conda-package-streaming-0.12.0-pyhd8ed1ab_0.conda#ff75d06af779966a5aeae1be1d409b96
https://conda.anaconda.org/conda-forge/noarch/galaxy-util-25.1.dev0-pyhd8ed1ab_0.conda#c4adc1e5398ab1f0300cbb54b009862f
https://conda.anaconda.org/conda-forge/osx-arm64/libblas-3.11.0-4_h51639a9_openblas.conda#f5c7d8c3256cd95d5ec31afc24c9dd30
https://conda.anaconda.org/conda-forge/osx-arm64/libgd-2.3.3-hb2c3a21_11.conda#4581aa3cfcd1a90967ed02d4a9f3db4b
https://conda.anaconda.org/conda-forge/noarch/pydantic-2.12.5-pyhcf101f3_1.conda#c3946ed24acdb28db1b5d63321dbca7d
https://conda.anaconda.org/conda-forge/noarch/rich-argparse-1.7.2-pyhd8ed1ab_0.conda#18994e55f4d9dae24f851c1ba247c3bc
https://conda.anaconda.org/conda-forge/noarch/cachecontrol-with-filecache-0.14.3-pyhd8ed1ab_0.conda#b4af8c1b61929b1bcb001c2953882149
https://conda.anaconda.org/conda-forge/osx-arm64/compiler-rt-19.1.7-h855ad52_1.conda#39451684370ae65667fa5c11222e43f7
https://conda.anaconda.org/conda-forge/noarch/galaxy-tool-util-models-25.0.4-pyhd8ed1ab_0.conda#676c8d82e2f1bea443eca2532461b1d5
https://conda.anaconda.org/conda-forge/osx-arm64/harfbuzz-11.1.0-hab40de2_0.conda#7a3187cd76ed14507654286bd6021e8a
https://conda.anaconda.org/conda-forge/osx-arm64/libcblas-3.11.0-4_hb0561ab_openblas.conda#be77be52a6f01b46b1eb9aa5270023cc
https://conda.anaconda.org/conda-forge/osx-arm64/liblapack-3.11.0-4_hd9741b5_openblas.conda#3b949d8c584bc30932e41c755507bdc1
https://conda.anaconda.org/conda-forge/osx-arm64/clang_impl_osx-arm64-19.1.7-h76e6a08_27.conda#2fb912af00fa523f5968855053bebd13
https://conda.anaconda.org/conda-forge/noarch/galaxy-tool-util-25.0.4-pyhd8ed1ab_0.conda#6cc7ecccbec3796ec416cdba3bace668
https://conda.anaconda.org/conda-forge/osx-arm64/gsl-2.7-h6e638da_0.tar.bz2#2a2126a940e033e7225a5dc7215eea9a
https://conda.anaconda.org/conda-forge/osx-arm64/numpy-1.26.4-py310hd45542a_0.conda#267ee89a3a0b8c8fa838a2353f9ea0c0
https://conda.anaconda.org/conda-forge/osx-arm64/pango-1.56.3-h5fd7515_1.conda#2e5cef90f7d355790fa96f2459ee648f
https://conda.anaconda.org/conda-forge/osx-arm64/schema-salad-8.9.20251102115403-py310hfe3a0ae_0.conda#360f1434d267826c6e4b59dc7046bda0
https://conda.anaconda.org/conda-forge/osx-arm64/clang_osx-arm64-19.1.7-h07b0088_27.conda#0c9ac1e5d33185824ced44ce0aeab0b2
https://conda.anaconda.org/conda-forge/osx-arm64/contourpy-1.3.2-py310h7f4e7e6_0.conda#18ad60675af8d74a6e49bf40055419d0
https://conda.anaconda.org/conda-forge/noarch/cwl-upgrader-1.2.12-pyhd8ed1ab_0.conda#33bf97a3efd84588c017788036c0392d
https://conda.anaconda.org/conda-forge/osx-arm64/gtk3-3.24.43-h07173f4_5.conda#8353369d4c2ecc5afd888405d3226fd9
https://conda.anaconda.org/conda-forge/osx-arm64/librsvg-2.58.4-h266df6f_3.conda#95d6ad8fb7a2542679c08ce52fafbb6c
https://conda.anaconda.org/conda-forge/osx-arm64/pandas-2.3.3-py310h25f4b65_1.conda#6aa7000c6851bdfbb9a3fe7319f5b5e2
https://conda.anaconda.org/conda-forge/osx-arm64/scipy-1.15.2-py310h32ab4ed_0.conda#a389f540c808b22b3c696d7aea791a41
https://conda.anaconda.org/conda-forge/noarch/adwaita-icon-theme-49.0-unix_0.conda#b3f0179590f3c0637b7eb5309898f79e
https://conda.anaconda.org/conda-forge/osx-arm64/c-compiler-1.11.0-h61f9b84_0.conda#148516e0c9edf4e9331a4d53ae806a9b
https://conda.anaconda.org/conda-forge/osx-arm64/clangxx_impl_osx-arm64-19.1.7-h276745f_27.conda#834e2e73c7a45604603b5e586f53a377
https://conda.anaconda.org/conda-forge/noarch/cwl-utils-0.40-pyhbbac1ac_0.conda#378c604d55e950386050f11609ea536e
https://conda.anaconda.org/conda-forge/osx-arm64/gfortran_osx-arm64-13.2.0-h57527a5_1.conda#13ca786286ed5efc9dc75f64b5101210
https://conda.anaconda.org/conda-forge/osx-arm64/matplotlib-base-3.10.8-py310h0181960_0.conda#f7be8dab2ed23302da20d4c96345eb15
https://conda.anaconda.org/conda-forge/osx-arm64/clangxx_osx-arm64-19.1.7-h07b0088_27.conda#de5434190db50b34f78341ae3c58cb1b
https://conda.anaconda.org/conda-forge/osx-arm64/graphviz-12.2.1-hff64154_1.conda#b0b656550a16dfba7efa1479756c5b63
https://conda.anaconda.org/bioconda/osx-arm64/htseq-2.0.9-py310hf98d1c2_0.tar.bz2#74cc0d5dddc9a2b2f9b74fd1e9cc5275
https://conda.anaconda.org/conda-forge/osx-arm64/matplotlib-3.10.8-py310hb6292c7_0.conda#33dca3f48bc5d4427238f4f214574f40
https://conda.anaconda.org/conda-forge/osx-arm64/cxx-compiler-1.11.0-h88570a1_0.conda#043afed05ca5a0f2c18252ae4378bdee
https://conda.anaconda.org/conda-forge/osx-arm64/pydot-4.0.1-py310hbe9552e_1.conda#dce4faec5e4ac4b8423a2344ab660789
https://conda.anaconda.org/conda-forge/noarch/pydotplus-2.0.2-pyhd8ed1ab_7.conda#26e4ff85fd62f32f1818b57363995bc6
https://conda.anaconda.org/conda-forge/osx-arm64/r-base-4.4.2-h9e409d2_1.conda#cd6067c7dc87394f1647df8d51b6988d
https://conda.anaconda.org/bioconda/noarch/bioconductor-biocgenerics-0.52.0-r44hdfd78af_3.tar.bz2#8a9defade51c2c2a6b90a4474dcdfdfc
https://conda.anaconda.org/bioconda/noarch/bioconductor-data-packages-20250625-hdfd78af_0.tar.bz2#34d7066b99d7e6769305dcebf0a9de87
https://conda.anaconda.org/bioconda/osx-arm64/bioconductor-zlibbioc-1.52.0-r44h1b44f6e_2.tar.bz2#76cc583450bc068459785a1b5f50c1d7
https://conda.anaconda.org/conda-forge/noarch/prov-1.5.1-py_1.tar.bz2#66e578dc9f4bfe65728ad547a81cd6dd
https://conda.anaconda.org/conda-forge/noarch/r-abind-1.4_8-r44hc72bb7e_1.conda#bc7c760b0b0ad2a6eb8970f56ef82971
https://conda.anaconda.org/conda-forge/noarch/r-bh-1.87.0_1-r44hc72bb7e_1.conda#b7c43e2c7fd3f9b9599123ea9a4be21d
https://conda.anaconda.org/conda-forge/osx-arm64/r-cli-3.6.5-r44hc1cd577_1.conda#6b93db9e549269636a666bb0cc30ecf3
https://conda.anaconda.org/conda-forge/noarch/r-codetools-0.2_20-r44hc72bb7e_2.conda#d81c629f78e571b14f9a617253c44552
https://conda.anaconda.org/conda-forge/osx-arm64/r-colorspace-2.1_2-r44h6168396_0.conda#5e573b03da99ed48b9aba0e44124000c
https://conda.anaconda.org/conda-forge/noarch/r-cpp11-0.5.2-r44h785f33e_2.conda#31026a9cca367464a845387c0b5f0d55
https://conda.anaconda.org/conda-forge/noarch/r-crayon-1.5.3-r44hc72bb7e_2.conda#2b72da5cca65460ba6ac1f81b4ff72cc
https://conda.anaconda.org/conda-forge/osx-arm64/r-curl-7.0.0-r44hbc3244a_1.conda#6730106cabda291891bf06fceb5b4810
https://conda.anaconda.org/conda-forge/osx-arm64/r-farver-2.1.2-r44hc1cd577_2.conda#403a700560fb4dd30d32da9d77c2bc8d
https://conda.anaconda.org/conda-forge/noarch/r-formatr-1.14-r44hc72bb7e_3.conda#7dec5b78870748c0c968564b67db9d00
https://conda.anaconda.org/conda-forge/noarch/r-futile.options-1.0.1-r44hc72bb7e_1006.conda#569ec6607e422c9ad9f622eed1bc55fb
https://conda.anaconda.org/conda-forge/osx-arm64/r-glue-1.8.0-r44h6168396_1.conda#2db8b50a290363c9f8a9f3f1fc257802
https://conda.anaconda.org/conda-forge/osx-arm64/r-isoband-0.2.7-r44hc1cd577_4.conda#2fbb683816c2ab7a2d612d9349f1b6ca
https://conda.anaconda.org/conda-forge/osx-arm64/r-jsonlite-2.0.0-r44h6168396_1.conda#ba74496412d0d7d6b463be89badd3bbd
https://conda.anaconda.org/conda-forge/noarch/r-labeling-0.4.3-r44hc72bb7e_2.conda#891625b27729556fcac5cb5a3040b10f
https://conda.anaconda.org/conda-forge/osx-arm64/r-lattice-0.22_7-r44h6168396_1.conda#3562dca20fae805ea3e3388d98d52b4e
https://conda.anaconda.org/conda-forge/osx-arm64/r-matrixstats-1.5.0-r44h6168396_1.conda#2ef0e0c170ec8aa0902a80361f5a066f
https://conda.anaconda.org/conda-forge/osx-arm64/r-mime-0.13-r44h6168396_1.conda#39b2ebfafc62d2a84749a0ceca2fda93
https://conda.anaconda.org/conda-forge/noarch/r-r6-2.6.1-r44hc72bb7e_1.conda#a6809636e421b99a22d374a752c1a2d6
https://conda.anaconda.org/conda-forge/noarch/r-rcolorbrewer-1.1_3-r44h785f33e_4.conda#bbaae25579d5cea71278441c0b61fde3
https://conda.anaconda.org/conda-forge/osx-arm64/r-rcpp-1.1.0-r44hc1cd577_1.conda#328e4b9129458f0fa22821164acffcfe
https://conda.anaconda.org/conda-forge/osx-arm64/r-rlang-1.1.6-r44hc1cd577_1.conda#efa821c8af086c0456d640565998e48a
https://conda.anaconda.org/conda-forge/osx-arm64/r-s7-0.2.1-r44h6168396_0.conda#a5aefe45aab0c1258937af23a35c961a
https://conda.anaconda.org/conda-forge/noarch/r-snow-0.4_4-r44hc72bb7e_4.conda#8ac3bc039d3753f112dd0a3b969efc32
https://conda.anaconda.org/conda-forge/osx-arm64/r-sys-3.4.3-r44h6168396_1.conda#1f625213603063d363a95af7b0443ed0
https://conda.anaconda.org/conda-forge/noarch/r-viridislite-0.4.2-r44hc72bb7e_3.conda#f7988a8606e974bba5a4d933236a6f2f
https://conda.anaconda.org/conda-forge/noarch/r-withr-3.0.2-r44hc72bb7e_1.conda#0fdd8ccde2641093c651e2b6a25d85e1
https://conda.anaconda.org/bioconda/osx-arm64/bioconductor-biobase-2.66.0-r44h1b44f6e_0.tar.bz2#560da93d7817196b7e83926fd4e596ca
https://conda.anaconda.org/bioconda/noarch/bioconductor-genomeinfodbdata-1.2.13-r44hdfd78af_0.tar.bz2#06d453df3bc59956a3ffac7674652f44
https://conda.anaconda.org/bioconda/noarch/bioconductor-matrixgenerics-1.18.0-r44hdfd78af_0.tar.bz2#d1b86fcb6d7e4d3c9fe67817c739b5a7
https://conda.anaconda.org/bioconda/osx-arm64/bioconductor-s4vectors-0.44.0-r44h1b44f6e_2.tar.bz2#0b1545cd8d98a32d9094cb5a6ddcaad0
https://conda.anaconda.org/conda-forge/osx-arm64/cwltool-3.1.20251031082601-py310ha3e1735_0.conda#81a169b9457d66d4eac37bb503ea2f1a
https://conda.anaconda.org/conda-forge/osx-arm64/r-askpass-1.2.1-r44h6168396_1.conda#87547d43001d87b0af6fcb54b099e5f6
https://conda.anaconda.org/conda-forge/noarch/r-lambda.r-1.2.4-r44hc72bb7e_5.conda#52dff70fa7503cd2fff2cdbd48e21b6f
https://conda.anaconda.org/conda-forge/noarch/r-lifecycle-1.0.4-r44hc72bb7e_2.conda#e41e892cef6cad8fb15c6e7af9a19fa0
https://conda.anaconda.org/conda-forge/osx-arm64/r-locfit-1.5_9.12-r44h6168396_1.conda#2d5f3405a8eea3508ab302aa68ceb1bd
https://conda.anaconda.org/conda-forge/osx-arm64/r-matrix-1.7_4-r44hb2d3ebe_1.conda#a173ba2f8ebe16e2e0663102f53f66bc
https://conda.anaconda.org/conda-forge/noarch/r-munsell-0.5.1-r44hc72bb7e_2.conda#79407650271d42d8aadfe756f89521c7
https://conda.anaconda.org/conda-forge/osx-arm64/r-rcpparmadillo-15.2.2_1-r44ha64934e_0.conda#70abc89e4b4d4cc5a280b83e28d0a707
https://conda.anaconda.org/bioconda/osx-arm64/bioconductor-iranges-2.40.0-r44h1b44f6e_2.tar.bz2#7026b2cd95bcd560d347d0635876502e
https://conda.anaconda.org/conda-forge/noarch/r-futile.logger-1.4.3-r44hc72bb7e_1007.conda#64e131c6fd19df6fa19c31fff5f0725e
https://conda.anaconda.org/conda-forge/noarch/r-gtable-0.3.6-r44hc72bb7e_1.conda#1f5b8f9f0cdb53b843c4e2481e22c8c0
https://conda.anaconda.org/conda-forge/osx-arm64/r-openssl-2.3.4-r44h7a56cc5_0.conda#57ba4f3f08c9645a561106fbd844245c
https://conda.anaconda.org/conda-forge/noarch/r-scales-1.4.0-r44hc72bb7e_1.conda#d5a3c79508fd7f6be657f69119265398
https://conda.anaconda.org/conda-forge/osx-arm64/r-vctrs-0.6.5-r44hc1cd577_2.conda#48682af1ff48f8cf22e7005583dceb23
https://conda.anaconda.org/bioconda/osx-arm64/bioconductor-biocparallel-1.40.0-r44hb11b259_1.tar.bz2#8eb177415dc86208217b6ba4fa9bf446
https://conda.anaconda.org/bioconda/osx-arm64/bioconductor-s4arrays-1.6.0-r44h1b44f6e_1.tar.bz2#14e378ed61eebc56017f13a529906316
https://conda.anaconda.org/bioconda/osx-arm64/bioconductor-xvector-0.46.0-r44h5badf08_2.tar.bz2#69f3ee2fcf62c0489665ecf889a0eb5a
https://conda.anaconda.org/conda-forge/noarch/r-ggplot2-4.0.1-r44h785f33e_0.conda#d8dae97d3a0c3136218789c5d10a71f4
https://conda.anaconda.org/conda-forge/noarch/r-httr-1.4.7-r44hc72bb7e_2.conda#cad0b6a9f01e28d56bd5f456112f780d
https://conda.anaconda.org/bioconda/osx-arm64/bioconductor-sparsearray-1.6.0-r44h1b44f6e_1.tar.bz2#869a636074f58cc52271c2dbfe800390
https://conda.anaconda.org/bioconda/noarch/bioconductor-ucsc.utils-1.2.0-r44hdfd78af_0.tar.bz2#02d46982978a5d740e1b0cb92dbe4cbe
https://conda.anaconda.org/bioconda/osx-arm64/bioconductor-delayedarray-0.32.0-r44h1b44f6e_1.tar.bz2#0860f00c92e26da50a58481da6ca13f9
https://conda.anaconda.org/bioconda/noarch/bioconductor-genomeinfodb-1.42.0-r44hdfd78af_2.tar.bz2#52f21aeff5a62bf53a37a4ad4d197e06
https://conda.anaconda.org/bioconda/osx-arm64/bioconductor-genomicranges-1.58.0-r44h1b44f6e_2.tar.bz2#f110c1403f88f5fed32a1b3b3517fe55
https://conda.anaconda.org/bioconda/noarch/bioconductor-summarizedexperiment-1.36.0-r44hdfd78af_0.tar.bz2#144e795fdb25d213899e249bcb538bc4
https://conda.anaconda.org/bioconda/osx-arm64/bioconductor-deseq2-1.46.0-r44hb11b259_1.tar.bz2#c159f45b20623668d5a77430c4422ce5
